
Microsoft Visual Studio Solution File, Format Version 12.00
# Visual Studio Version 16
VisualStudioVersion = 16.0.29424.173
MinimumVisualStudioVersion = 10.0.40219.1
Project("{FAE04EC0-301F-11D3-BF4B-00C04F79EFBC}") = "WIMF.Android", "WIMF.Android\WIMF.Android.csproj", "{332B74AA-067B-48EC-9773-1F8A7100BC86}"
EndProject
Project("{FAE04EC0-301F-11D3-BF4B-00C04F79EFBC}") = "WIMF.iOS", "WIMF.iOS\WIMF.iOS.csproj", "{CB5B4332-D7D8-4965-BB19-977A8BC68B0F}"
EndProject
Project("{FAE04EC0-301F-11D3-BF4B-00C04F79EFBC}") = "WIMF", "WIMF\WIMF.csproj", "{71CA94D7-1088-4A2D-821C-76BE0020D273}"
EndProject
Global
	GlobalSection(SolutionConfigurationPlatforms) = preSolution
		Debug|Any CPU = Debug|Any CPU
		Debug|iPhone = Debug|iPhone
		Debug|iPhoneSimulator = Debug|iPhoneSimulator
		Release|Any CPU = Release|Any CPU
		Release|iPhone = Release|iPhone
		Release|iPhoneSimulator = Release|iPhoneSimulator
	EndGlobalSection
	GlobalSection(ProjectConfigurationPlatforms) = postSolution
		{332B74AA-067B-48EC-9773-1F8A7100BC86}.Debug|Any CPU.ActiveCfg = Debug|Any CPU
		{332B74AA-067B-48EC-9773-1F8A7100BC86}.Debug|Any CPU.Build.0 = Debug|Any CPU
		{332B74AA-067B-48EC-9773-1F8A7100BC86}.Debug|Any CPU.Deploy.0 = Debug|Any CPU
		{332B74AA-067B-48EC-9773-1F8A7100BC86}.Debug|iPhone.ActiveCfg = Debug|Any CPU
		{332B74AA-067B-48EC-9773-1F8A7100BC86}.Debug|iPhone.Build.0 = Debug|Any CPU
		{332B74AA-067B-48EC-9773-1F8A7100BC86}.Debug|iPhone.Deploy.0 = Debug|Any CPU
		{332B74AA-067B-48EC-9773-1F8A7100BC86}.Debug|iPhoneSimulator.ActiveCfg = Debug|Any CPU
		{332B74AA-067B-48EC-9773-1F8A7100BC86}.Debug|iPhoneSimulator.Build.0 = Debug|Any CPU
		{332B74AA-067B-48EC-9773-1F8A7100BC86}.Debug|iPhoneSimulator.Deploy.0 = Debug|Any CPU
		{332B74AA-067B-48EC-9773-1F8A7100BC86}.Release|Any CPU.ActiveCfg = Release|Any CPU
		{332B74AA-067B-48EC-9773-1F8A7100BC86}.Release|Any CPU.Build.0 = Release|Any CPU
		{332B74AA-067B-48EC-9773-1F8A7100BC86}.Release|Any CPU.Deploy.0 = Release|Any CPU
		{332B74AA-067B-48EC-9773-1F8A7100BC86}.Release|iPhone.ActiveCfg = Release|Any CPU
		{332B74AA-067B-48EC-9773-1F8A7100BC86}.Release|iPhone.Build.0 = Release|Any CPU
		{332B74AA-067B-48EC-9773-1F8A7100BC86}.Release|iPhone.Deploy.0 = Release|Any CPU
		{332B74AA-067B-48EC-9773-1F8A7100BC86}.Release|iPhoneSimulator.ActiveCfg = Release|Any CPU
		{332B74AA-067B-48EC-9773-1F8A7100BC86}.Release|iPhoneSimulator.Build.0 = Release|Any CPU
		{332B74AA-067B-48EC-9773-1F8A7100BC86}.Release|iPhoneSimulator.Deploy.0 = Release|Any CPU
		{CB5B4332-D7D8-4965-BB19-977A8BC68B0F}.Debug|Any CPU.ActiveCfg = Debug|iPhoneSimulator
		{CB5B4332-D7D8-4965-BB19-977A8BC68B0F}.Debug|Any CPU.Build.0 = Debug|iPhoneSimulator
		{CB5B4332-D7D8-4965-BB19-977A8BC68B0F}.Debug|Any CPU.Deploy.0 = Debug|iPhoneSimulator
		{CB5B4332-D7D8-4965-BB19-977A8BC68B0F}.Debug|iPhone.ActiveCfg = Debug|iPhone
		{CB5B4332-D7D8-4965-BB19-977A8BC68B0F}.Debug|iPhone.Build.0 = Debug|iPhone
		{CB5B4332-D7D8-4965-BB19-977A8BC68B0F}.Debug|iPhone.Deploy.0 = Debug|iPhone
		{CB5B4332-D7D8-4965-BB19-977A8BC68B0F}.Debug|iPhoneSimulator.ActiveCfg = Debug|iPhoneSimulator
		{CB5B4332-D7D8-4965-BB19-977A8BC68B0F}.Debug|iPhoneSimulator.Build.0 = Debug|iPhoneSimulator
		{CB5B4332-D7D8-4965-BB19-977A8BC68B0F}.Debug|iPhoneSimulator.Deploy.0 = Debug|iPhoneSimulator
		{CB5B4332-D7D8-4965-BB19-977A8BC68B0F}.Release|Any CPU.ActiveCfg = Release|iPhone
		{CB5B4332-D7D8-4965-BB19-977A8BC68B0F}.Release|Any CPU.Build.0 = Release|iPhone
		{CB5B4332-D7D8-4965-BB19-977A8BC68B0F}.Release|Any CPU.Deploy.0 = Release|iPhone
		{CB5B4332-D7D8-4965-BB19-977A8BC68B0F}.Release|iPhone.ActiveCfg = Release|iPhone
		{CB5B4332-D7D8-4965-BB19-977A8BC68B0F}.Release|iPhone.Build.0 = Release|iPhone
		{CB5B4332-D7D8-4965-BB19-977A8BC68B0F}.Release|iPhone.Deploy.0 = Release|iPhone
		{CB5B4332-D7D8-4965-BB19-977A8BC68B0F}.Release|iPhoneSimulator.ActiveCfg = Release|iPhoneSimulator
		{CB5B4332-D7D8-4965-BB19-977A8BC68B0F}.Release|iPhoneSimulator.Build.0 = Release|iPhoneSimulator
		{CB5B4332-D7D8-4965-BB19-977A8BC68B0F}.Release|iPhoneSimulator.Deploy.0 = Release|iPhoneSimulator
		{71CA94D7-1088-4A2D-821C-76BE0020D273}.Debug|Any CPU.ActiveCfg = Debug|Any CPU
		{71CA94D7-1088-4A2D-821C-76BE0020D273}.Debug|Any CPU.Build.0 = Debug|Any CPU
		{71CA94D7-1088-4A2D-821C-76BE0020D273}.Debug|Any CPU.Deploy.0 = Debug|Any CPU
		{71CA94D7-1088-4A2D-821C-76BE0020D273}.Debug|iPhone.ActiveCfg = Debug|Any CPU
		{71CA94D7-1088-4A2D-821C-76BE0020D273}.Debug|iPhone.Build.0 = Debug|Any CPU
		{71CA94D7-1088-4A2D-821C-76BE0020D273}.Debug|iPhone.Deploy.0 = Debug|Any CPU
		{71CA94D7-1088-4A2D-821C-76BE0020D273}.Debug|iPhoneSimulator.ActiveCfg = Debug|Any CPU
		{71CA94D7-1088-4A2D-821C-76BE0020D273}.Debug|iPhoneSimulator.Build.0 = Debug|Any CPU
		{71CA94D7-1088-4A2D-821C-76BE0020D273}.Debug|iPhoneSimulator.Deploy.0 = Debug|Any CPU
		{71CA94D7-1088-4A2D-821C-76BE0020D273}.Release|Any CPU.ActiveCfg = Release|Any CPU
		{71CA94D7-1088-4A2D-821C-76BE0020D273}.Release|Any CPU.Build.0 = Release|Any CPU
		{71CA94D7-1088-4A2D-821C-76BE0020D273}.Release|Any CPU.Deploy.0 = Release|Any CPU
		{71CA94D7-1088-4A2D-821C-76BE0020D273}.Release|iPhone.ActiveCfg = Release|Any CPU
		{71CA94D7-1088-4A2D-821C-76BE0020D273}.Release|iPhone.Build.0 = Release|Any CPU
		{71CA94D7-1088-4A2D-821C-76BE0020D273}.Release|iPhone.Deploy.0 = Release|Any CPU
		{71CA94D7-1088-4A2D-821C-76BE0020D273}.Release|iPhoneSimulator.ActiveCfg = Release|Any CPU
		{71CA94D7-1088-4A2D-821C-76BE0020D273}.Release|iPhoneSimulator.Build.0 = Release|Any CPU
		{71CA94D7-1088-4A2D-821C-76BE0020D273}.Release|iPhoneSimulator.Deploy.0 = Release|Any CPU
	EndGlobalSection
	GlobalSection(SolutionProperties) = preSolution
		HideSolutionNode = FALSE
	EndGlobalSection
	GlobalSection(ExtensibilityGlobals) = postSolution
		SolutionGuid = {B65E7AA3-7260-405C-9C33-8F57AAEA4514}
	EndGlobalSection
EndGlobal
